// !$*UTF8*$!
{
	archiveVersion = 1;
	classes = {
	};
	objectVersion = 56;
	objects = {

/* Begin PBXBuildFile section */
		1AB1A50F2BBD4C2E00B782F7 /* ResultViewController.swift in Sources */ = {isa = PBXBuildFile; fileRef = 1AB1A50E2BBD4C2E00B782F7 /* ResultViewController.swift */; };
		1AB1A5152BBD703B00B782F7 /* Question.swift in Sources */ = {isa = PBXBuildFile; fileRef = 1AB1A5142BBD703B00B782F7 /* Question.swift */; };
		1ABDEF472BBC47B900FE9A85 /* AppDelegate.swift in Sources */ = {isa = PBXBuildFile; fileRef = 1ABDEF462BBC47B900FE9A85 /* AppDelegate.swift */; };
		1ABDEF492BBC47B900FE9A85 /* SceneDelegate.swift in Sources */ = {isa = PBXBuildFile; fileRef = 1ABDEF482BBC47B900FE9A85 /* SceneDelegate.swift */; };
		1ABDEF4B2BBC47B900FE9A85 /* IntroductionViewController.swift in Sources */ = {isa = PBXBuildFile; fileRef = 1ABDEF4A2BBC47B900FE9A85 /* IntroductionViewController.swift */; };
		1ABDEF502BBC47BA00FE9A85 /* Assets.xcassets in Resources */ = {isa = PBXBuildFile; fileRef = 1ABDEF4F2BBC47BA00FE9A85 /* Assets.xcassets */; };
		1ABDEF532BBC47BA00FE9A85 /* LaunchScreen.storyboard in Resources */ = {isa = PBXBuildFile; fileRef = 1ABDEF512BBC47BA00FE9A85 /* LaunchScreen.storyboard */; };
		1ABDEF5F2BBC744E00FE9A85 /* QuestionsViewController.swift in Sources */ = {isa = PBXBuildFile; fileRef = 1ABDEF5E2BBC744E00FE9A85 /* QuestionsViewController.swift */; };
/* End PBXBuildFile section */

/* Begin PBXFileReference section */
		1AB1A50E2BBD4C2E00B782F7 /* ResultViewController.swift */ = {isa = PBXFileReference; lastKnownFileType = sourcecode.swift; path = ResultViewController.swift; sourceTree = "<group>"; };
		1AB1A5142BBD703B00B782F7 /* Question.swift */ = {isa = PBXFileReference; lastKnownFileType = sourcecode.swift; path = Question.swift; sourceTree = "<group>"; };
		1ABDEF432BBC47B900FE9A85 /* PersonalQuizApp.app */ = {isa = PBXFileReference; explicitFileType = wrapper.application; includeInIndex = 0; path = PersonalQuizApp.app; sourceTree = BUILT_PRODUCTS_DIR; };
		1ABDEF462BBC47B900FE9A85 /* AppDelegate.swift */ = {isa = PBXFileReference; lastKnownFileType = sourcecode.swift; path = AppDelegate.swift; sourceTree = "<group>"; };
		1ABDEF482BBC47B900FE9A85 /* SceneDelegate.swift */ = {isa = PBXFileReference; lastKnownFileType = sourcecode.swift; path = SceneDelegate.swift; sourceTree = "<group>"; };
		1ABDEF4A2BBC47B900FE9A85 /* IntroductionViewController.swift */ = {isa = PBXFileReference; lastKnownFileType = sourcecode.swift; path = IntroductionViewController.swift; sourceTree = "<group>"; };
		1ABDEF4F2BBC47BA00FE9A85 /* Assets.xcassets */ = {isa = PBXFileReference; lastKnownFileType = folder.assetcatalog; path = Assets.xcassets; sourceTree = "<group>"; };
		1ABDEF522BBC47BA00FE9A85 /* Base */ = {isa = PBXFileReference; lastKnownFileType = file.storyboard; name = Base; path = Base.lproj/LaunchScreen.storyboard; sourceTree = "<group>"; };
		1ABDEF542BBC47BA00FE9A85 /* Info.plist */ = {isa = PBXFileReference; lastKnownFileType = text.plist.xml; path = Info.plist; sourceTree = "<group>"; };
		1ABDEF5E2BBC744E00FE9A85 /* QuestionsViewController.swift */ = {isa = PBXFileReference; lastKnownFileType = sourcecode.swift; path = QuestionsViewController.swift; sourceTree = "<group>"; };
/* End PBXFileReference section */

/* Begin PBXFrameworksBuildPhase section */
		1ABDEF402BBC47B900FE9A85 /* Frameworks */ = {
			isa = PBXFrameworksBuildPhase;
			buildActionMask = 2147483647;
			files = (
			);
			runOnlyForDeploymentPostprocessing = 0;
		};
/* End PBXFrameworksBuildPhase section */

/* Begin PBXGroup section */
		1AB1A5132BBD702800B782F7 /* Models */ = {
			isa = PBXGroup;
			children = (
				1AB1A5142BBD703B00B782F7 /* Question.swift */,
			);
			path = Models;
			sourceTree = "<group>";
		};
		1ABDEF3A2BBC47B900FE9A85 = {
			isa = PBXGroup;
			children = (
				1ABDEF452BBC47B900FE9A85 /* PersonalQuizApp */,
				1ABDEF442BBC47B900FE9A85 /* Products */,
			);
			sourceTree = "<group>";
		};
		1ABDEF442BBC47B900FE9A85 /* Products */ = {
			isa = PBXGroup;
			children = (
				1ABDEF432BBC47B900FE9A85 /* PersonalQuizApp.app */,
			);
			name = Products;
			sourceTree = "<group>";
		};
		1ABDEF452BBC47B900FE9A85 /* PersonalQuizApp */ = {
			isa = PBXGroup;
			children = (
				1AB1A5132BBD702800B782F7 /* Models */,
				1ABDEF5B2BBC700A00FE9A85 /* Controllers */,
				1ABDEF5D2BBC702B00FE9A85 /* LaunchScreen */,
				1ABDEF5C2BBC701A00FE9A85 /* Resources */,
				1ABDEF5A2BBC6FFE00FE9A85 /* App */,
			);
			path = PersonalQuizApp;
			sourceTree = "<group>";
		};
		1ABDEF5A2BBC6FFE00FE9A85 /* App */ = {
			isa = PBXGroup;
			children = (
				1ABDEF462BBC47B900FE9A85 /* AppDelegate.swift */,
				1ABDEF482BBC47B900FE9A85 /* SceneDelegate.swift */,
				1ABDEF542BBC47BA00FE9A85 /* Info.plist */,
			);
			path = App;
			sourceTree = "<group>";
		};
		1ABDEF5B2BBC700A00FE9A85 /* Controllers */ = {
			isa = PBXGroup;
			children = (
				1ABDEF4A2BBC47B900FE9A85 /* IntroductionViewController.swift */,
				1ABDEF5E2BBC744E00FE9A85 /* QuestionsViewController.swift */,
				1AB1A50E2BBD4C2E00B782F7 /* ResultViewController.swift */,
			);
			path = Controllers;
			sourceTree = "<group>";
		};
		1ABDEF5C2BBC701A00FE9A85 /* Resources */ = {
			isa = PBXGroup;
			children = (
				1ABDEF4F2BBC47BA00FE9A85 /* Assets.xcassets */,
			);
			path = Resources;
			sourceTree = "<group>";
		};
		1ABDEF5D2BBC702B00FE9A85 /* LaunchScreen */ = {
			isa = PBXGroup;
			children = (
				1ABDEF512BBC47BA00FE9A85 /* LaunchScreen.storyboard */,
			);
			path = LaunchScreen;
			sourceTree = "<group>";
		};
/* End PBXGroup section */

/* Begin PBXNativeTarget section */
		1ABDEF422BBC47B900FE9A85 /* PersonalQuizApp */ = {
			isa = PBXNativeTarget;
			buildConfigurationList = 1ABDEF572BBC47BA00FE9A85 /* Build configuration list for PBXNativeTarget "PersonalQuizApp" */;
			buildPhases = (
				1ABDEF3F2BBC47B900FE9A85 /* Sources */,
				1ABDEF402BBC47B900FE9A85 /* Frameworks */,
				1ABDEF412BBC47B900FE9A85 /* Resources */,
			);
			buildRules = (
			);
			dependencies = (
			);
			name = PersonalQuizApp;
			productName = PersonalQuizApp;
			productReference = 1ABDEF432BBC47B900FE9A85 /* PersonalQuizApp.app */;
			productType = "com.apple.product-type.application";
		};
/* End PBXNativeTarget section */

/* Begin PBXProject section */
		1ABDEF3B2BBC47B900FE9A85 /* Project object */ = {
			isa = PBXProject;
			attributes = {
				BuildIndependentTargetsInParallel = 1;
				LastSwiftUpdateCheck = 1520;
				LastUpgradeCheck = 1520;
				TargetAttributes = {
					1ABDEF422BBC47B900FE9A85 = {
						CreatedOnToolsVersion = 15.2;
					};
				};
			};
			buildConfigurationList = 1ABDEF3E2BBC47B900FE9A85 /* Build configuration list for PBXProject "PersonalQuizApp" */;
			compatibilityVersion = "Xcode 14.0";
			developmentRegion = en;
			hasScannedForEncodings = 0;
			knownRegions = (
				en,
				Base,
			);
			mainGroup = 1ABDEF3A2BBC47B900FE9A85;
			productRefGroup = 1ABDEF442BBC47B900FE9A85 /* Products */;
			projectDirPath = "";
			projectRoot = "";
			targets = (
				1ABDEF422BBC47B900FE9A85 /* PersonalQuizApp */,
			);
		};
/* End PBXProject section */

/* Begin PBXResourcesBuildPhase section */
		1ABDEF412BBC47B900FE9A85 /* Resources */ = {
			isa = PBXResourcesBuildPhase;
			buildActionMask = 2147483647;
			files = (
				1ABDEF532BBC47BA00FE9A85 /* LaunchScreen.storyboard in Resources */,
				1ABDEF502BBC47BA00FE9A85 /* Assets.xcassets in Resources */,
			);
			runOnlyForDeploymentPostprocessing = 0;
		};
/* End PBXResourcesBuildPhase section */

/* Begin PBXSourcesBuildPhase section */
		1ABDEF3F2BBC47B900FE9A85 /* Sources */ = {
			isa = PBXSourcesBuildPhase;
			buildActionMask = 2147483647;
			files = (
				1AB1A50F2BBD4C2E00B782F7 /* ResultViewController.swift in Sources */,
				1ABDEF4B2BBC47B900FE9A85 /* IntroductionViewController.swift in Sources */,
				1ABDEF472BBC47B900FE9A85 /* AppDelegate.swift in Sources */,
				1AB1A5152BBD703B00B782F7 /* Question.swift in Sources */,
				1ABDEF5F2BBC744E00FE9A85 /* QuestionsViewController.swift in Sources */,
				1ABDEF492BBC47B900FE9A85 /* SceneDelegate.swift in Sources */,
			);
			runOnlyForDeploymentPostprocessing = 0;
		};
/* End PBXSourcesBuildPhase section */

/* Begin PBXVariantGroup section */
		1ABDEF512BBC47BA00FE9A85 /* LaunchScreen.storyboard */ = {
			isa = PBXVariantGroup;
			children = (
				1ABDEF522BBC47BA00FE9A85 /* Base */,
			);
			name = LaunchScreen.storyboard;
			sourceTree = "<group>";
		};
/* End PBXVariantGroup section */

/* Begin XCBuildConfiguration section */
		1ABDEF552BBC47BA00FE9A85 /* Debug */ = {
			isa = XCBuildConfiguration;
			buildSettings = {
				ALWAYS_SEARCH_USER_PATHS = NO;
				ASSETCATALOG_COMPILER_GENERATE_SWIFT_ASSET_SYMBOL_EXTENSIONS = YES;
				CLANG_ANALYZER_NONNULL = YES;
				CLANG_ANALYZER_NUMBER_OBJECT_CONVERSION = YES_AGGRESSIVE;
				CLANG_CXX_LANGUAGE_STANDARD = "gnu++20";
				CLANG_ENABLE_MODULES = YES;
				CLANG_ENABLE_OBJC_ARC = YES;
				CLANG_ENABLE_OBJC_WEAK = YES;
				CLANG_WARN_BLOCK_CAPTURE_AUTORELEASING = YES;
				CLANG_WARN_BOOL_CONVERSION = YES;
				CLANG_WARN_COMMA = YES;
				CLANG_WARN_CONSTANT_CONVERSION = YES;
				CLANG_WARN_DEPRECATED_OBJC_IMPLEMENTATIONS = YES;
				CLANG_WARN_DIRECT_OBJC_ISA_USAGE = YES_ERROR;
				CLANG_WARN_DOCUMENTATION_COMMENTS = YES;
				CLANG_WARN_EMPTY_BODY = YES;
				CLANG_WARN_ENUM_CONVERSION = YES;
				CLANG_WARN_INFINITE_RECURSION = YES;
				CLANG_WARN_INT_CONVERSION = YES;
				CLANG_WARN_NON_LITERAL_NULL_CONVERSION = YES;
				CLANG_WARN_OBJC_IMPLICIT_RETAIN_SELF = YES;
				CLANG_WARN_OBJC_LITERAL_CONVERSION = YES;
				CLANG_WARN_OBJC_ROOT_CLASS = YES_ERROR;
				CLANG_WARN_QUOTED_INCLUDE_IN_FRAMEWORK_HEADER = YES;
				CLANG_WARN_RANGE_LOOP_ANALYSIS = YES;
				CLANG_WARN_STRICT_PROTOTYPES = YES;
				CLANG_WARN_SUSPICIOUS_MOVE = YES;
				CLANG_WARN_UNGUARDED_AVAILABILITY = YES_AGGRESSIVE;
				CLANG_WARN_UNREACHABLE_CODE = YES;
				CLANG_WARN__DUPLICATE_METHOD_MATCH = YES;
				COPY_PHASE_STRIP = NO;
				DEBUG_INFORMATION_FORMAT = dwarf;
				ENABLE_STRICT_OBJC_MSGSEND = YES;
				ENABLE_TESTABILITY = YES;
				ENABLE_USER_SCRIPT_SANDBOXING = YES;
				GCC_C_LANGUAGE_STANDARD = gnu17;
				GCC_DYNAMIC_NO_PIC = NO;
				GCC_NO_COMMON_BLOCKS = YES;
				GCC_OPTIMIZATION_LEVEL = 0;
				GCC_PREPROCESSOR_DEFINITIONS = (
					"DEBUG=1",
					"$(inherited)",
				);
				GCC_WARN_64_TO_32_BIT_CONVERSION = YES;
				GCC_WARN_ABOUT_RETURN_TYPE = YES_ERROR;
				GCC_WARN_UNDECLARED_SELECTOR = YES;
				GCC_WARN_UNINITIALIZED_AUTOS = YES_AGGRESSIVE;
				GCC_WARN_UNUSED_FUNCTION = YES;
				GCC_WARN_UNUSED_VARIABLE = YES;
				IPHONEOS_DEPLOYMENT_TARGET = 17.2;
				LOCALIZATION_PREFERS_STRING_CATALOGS = YES;
				MTL_ENABLE_DEBUG_INFO = INCLUDE_SOURCE;
				MTL_FAST_MATH = YES;
				ONLY_ACTIVE_ARCH = YES;
				SDKROOT = iphoneos;
				SWIFT_ACTIVE_COMPILATION_CONDITIONS = "DEBUG $(inherited)";
				SWIFT_OPTIMIZATION_LEVEL = "-Onone";
			};
			name = Debug;
		};
		1ABDEF562BBC47BA00FE9A85 /* Release */ = {
			isa = XCBuildConfiguration;
			buildSettings = {
				ALWAYS_SEARCH_USER_PATHS = NO;
				ASSETCATALOG_COMPILER_GENERATE_SWIFT_ASSET_SYMBOL_EXTENSIONS = YES;
				CLANG_ANALYZER_NONNULL = YES;
				CLANG_ANALYZER_NUMBER_OBJECT_CONVERSION = YES_AGGRESSIVE;
				CLANG_CXX_LANGUAGE_STANDARD = "gnu++20";
				CLANG_ENABLE_MODULES = YES;
				CLANG_ENABLE_OBJC_ARC = YES;
				CLANG_ENABLE_OBJC_WEAK = YES;
				CLANG_WARN_BLOCK_CAPTURE_AUTORELEASING = YES;
				CLANG_WARN_BOOL_CONVERSION = YES;
				CLANG_WARN_COMMA = YES;
				CLANG_WARN_CONSTANT_CONVERSION = YES;
				CLANG_WARN_DEPRECATED_OBJC_IMPLEMENTATIONS = YES;
				CLANG_WARN_DIRECT_OBJC_ISA_USAGE = YES_ERROR;
				CLANG_WARN_DOCUMENTATION_COMMENTS = YES;
				CLANG_WARN_EMPTY_BODY = YES;
				CLANG_WARN_ENUM_CONVERSION = YES;
				CLANG_WARN_INFINITE_RECURSION = YES;
				CLANG_WARN_INT_CONVERSION = YES;
				CLANG_WARN_NON_LITERAL_NULL_CONVERSION = YES;
				CLANG_WARN_OBJC_IMPLICIT_RETAIN_SELF = YES;
				CLANG_WARN_OBJC_LITERAL_CONVERSION = YES;
				CLANG_WARN_OBJC_ROOT_CLASS = YES_ERROR;
				CLANG_WARN_QUOTED_INCLUDE_IN_FRAMEWORK_HEADER = YES;
				CLANG_WARN_RANGE_LOOP_ANALYSIS = YES;
				CLANG_WARN_STRICT_PROTOTYPES = YES;
				CLANG_WARN_SUSPICIOUS_MOVE = YES;
				CLANG_WARN_UNGUARDED_AVAILABILITY = YES_AGGRESSIVE;
				CLANG_WARN_UNREACHABLE_CODE = YES;
				CLANG_WARN__DUPLICATE_METHOD_MATCH = YES;
				COPY_PHASE_STRIP = NO;
				DEBUG_INFORMATION_FORMAT = "dwarf-with-dsym";
				ENABLE_NS_ASSERTIONS = NO;
				ENABLE_STRICT_OBJC_MSGSEND = YES;
				ENABLE_USER_SCRIPT_SANDBOXING = YES;
				GCC_C_LANGUAGE_STANDARD = gnu17;
				GCC_NO_COMMON_BLOCKS = YES;
				GCC_WARN_64_TO_32_BIT_CONVERSION = YES;
				GCC_WARN_ABOUT_RETURN_TYPE = YES_ERROR;
				GCC_WARN_UNDECLARED_SELECTOR = YES;
				GCC_WARN_UNINITIALIZED_AUTOS = YES_AGGRESSIVE;
				GCC_WARN_UNUSED_FUNCTION = YES;
				GCC_WARN_UNUSED_VARIABLE = YES;
				IPHONEOS_DEPLOYMENT_TARGET = 17.2;
				LOCALIZATION_PREFERS_STRING_CATALOGS = YES;
				MTL_ENABLE_DEBUG_INFO = NO;
				MTL_FAST_MATH = YES;
				SDKROOT = iphoneos;
				SWIFT_COMPILATION_MODE = wholemodule;
				VALIDATE_PRODUCT = YES;
			};
			name = Release;
		};
		1ABDEF582BBC47BA00FE9A85 /* Debug */ = {
			isa = XCBuildConfiguration;
			buildSettings = {
				ASSETCATALOG_COMPILER_APPICON_NAME = AppIcon;
				ASSETCATALOG_COMPILER_GLOBAL_ACCENT_COLOR_NAME = AccentColor;
				CODE_SIGN_STYLE = Automatic;
				CURRENT_PROJECT_VERSION = 1;
				DEVELOPMENT_TEAM = QZ329TNU43;
				GENERATE_INFOPLIST_FILE = YES;
				INFOPLIST_FILE = PersonalQuizApp/App/Info.plist;
				INFOPLIST_KEY_UIApplicationSupportsIndirectInputEvents = YES;
				INFOPLIST_KEY_UILaunchStoryboardName = LaunchScreen;
				INFOPLIST_KEY_UISupportedInterfaceOrientations_iPad = "UIInterfaceOrientationPortrait UIInterfaceOrientationPortraitUpsideDown UIInterfaceOrientationLandscapeLeft UIInterfaceOrientationLandscapeRight";
				INFOPLIST_KEY_UISupportedInterfaceOrientations_iPhone = "UIInterfaceOrientationPortrait UIInterfaceOrientationLandscapeLeft UIInterfaceOrientationLandscapeRight";
				LD_RUNPATH_SEARCH_PATHS = (
					"$(inherited)",
					"@executable_path/Frameworks",
				);
				MARKETING_VERSION = 1.0;
				PRODUCT_BUNDLE_IDENTIFIER = iosmaster.com.PersonalQuizApp;
				PRODUCT_NAME = "$(TARGET_NAME)";
				SUPPORTED_PLATFORMS = "iphoneos iphonesimulator";
				SUPPORTS_MACCATALYST = NO;
				SUPPORTS_MAC_DESIGNED_FOR_IPHONE_IPAD = NO;
				SUPPORTS_XR_DESIGNED_FOR_IPHONE_IPAD = NO;
				SWIFT_EMIT_LOC_STRINGS = YES;
				SWIFT_VERSION = 5.0;
				TARGETED_DEVICE_FAMILY = 1;
			};
			name = Debug;
		};
		1ABDEF592BBC47BA00FE9A85 /* Release */ = {
			isa = XCBuildConfiguration;
			buildSettings = {
				ASSETCATALOG_COMPILER_APPICON_NAME = AppIcon;
				ASSETCATALOG_COMPILER_GLOBAL_ACCENT_COLOR_NAME = AccentColor;
				CODE_SIGN_STYLE = Automatic;
				CURRENT_PROJECT_VERSION = 1;
				DEVELOPMENT_TEAM = QZ329TNU43;
				GENERATE_INFOPLIST_FILE = YES;
				INFOPLIST_FILE = PersonalQuizApp/App/Info.plist;
				INFOPLIST_KEY_UIApplicationSupportsIndirectInputEvents = YES;
				INFOPLIST_KEY_UILaunchStoryboardName = LaunchScreen;
				INFOPLIST_KEY_UISupportedInterfaceOrientations_iPad = "UIInterfaceOrientationPortrait UIInterfaceOrientationPortraitUpsideDown UIInterfaceOrientationLandscapeLeft UIInterfaceOrientationLandscapeRight";
				INFOPLIST_KEY_UISupportedInterfaceOrientations_iPhone = "UIInterfaceOrientationPortrait UIInterfaceOrientationLandscapeLeft UIInterfaceOrientationLandscapeRight";
				LD_RUNPATH_SEARCH_PATHS = (
					"$(inherited)",
					"@executable_path/Frameworks",
				);
				MARKETING_VERSION = 1.0;
				PRODUCT_BUNDLE_IDENTIFIER = iosmaster.com.PersonalQuizApp;
				PRODUCT_NAME = "$(TARGET_NAME)";
				SUPPORTED_PLATFORMS = "iphoneos iphonesimulator";
				SUPPORTS_MACCATALYST = NO;
				SUPPORTS_MAC_DESIGNED_FOR_IPHONE_IPAD = NO;
				SUPPORTS_XR_DESIGNED_FOR_IPHONE_IPAD = NO;
				SWIFT_EMIT_LOC_STRINGS = YES;
				SWIFT_VERSION = 5.0;
				TARGETED_DEVICE_FAMILY = 1;
			};
			name = Release;
		};
/* End XCBuildConfiguration section */

/* Begin XCConfigurationList section */
		1ABDEF3E2BBC47B900FE9A85 /* Build configuration list for PBXProject "PersonalQuizApp" */ = {
			isa = XCConfigurationList;
			buildConfigurations = (
				1ABDEF552BBC47BA00FE9A85 /* Debug */,
				1ABDEF562BBC47BA00FE9A85 /* Release */,
			);
			defaultConfigurationIsVisible = 0;
			defaultConfigurationName = Release;
		};
		1ABDEF572BBC47BA00FE9A85 /* Build configuration list for PBXNativeTarget "PersonalQuizApp" */ = {
			isa = XCConfigurationList;
			buildConfigurations = (
				1ABDEF582BBC47BA00FE9A85 /* Debug */,
				1ABDEF592BBC47BA00FE9A85 /* Release */,
			);
			defaultConfigurationIsVisible = 0;
			defaultConfigurationName = Release;
		};
/* End XCConfigurationList section */
	};
	rootObject = 1ABDEF3B2BBC47B900FE9A85 /* Project object */;
}
